Microsoft Visual Studio Solution File, Format Version 12.00
# Visual Studio Version 17
VisualStudioVersion = 17.5.2.0
MinimumVisualStudioVersion = 10.0.40219.1
Project("{2150E333-8FDC-42A3-9474-1A3956D46DE8}") = "unity", "unity", "{F2F4A18A-13DA-A99B-7F1B-2CF93E0D20FA}"
EndProject
Project("{FAE04EC0-301F-11D3-BF4B-00C04F79EFBC}") = "ApexCitadels", "unity\ApexCitadels\ApexCitadels.csproj", "{5A8A43DA-D278-7901-6D1A-8E45E90B3DD7}"
EndProject
Global
	GlobalSection(SolutionConfigurationPlatforms) = preSolution
		Debug|Any CPU = Debug|Any CPU
		Release|Any CPU = Release|Any CPU
	EndGlobalSection
	GlobalSection(ProjectConfigurationPlatforms) = postSolution
		{5A8A43DA-D278-7901-6D1A-8E45E90B3DD7}.Debug|Any CPU.ActiveCfg = Debug|Any CPU
		{5A8A43DA-D278-7901-6D1A-8E45E90B3DD7}.Debug|Any CPU.Build.0 = Debug|Any CPU
		{5A8A43DA-D278-7901-6D1A-8E45E90B3DD7}.Release|Any CPU.ActiveCfg = Release|Any CPU
		{5A8A43DA-D278-7901-6D1A-8E45E90B3DD7}.Release|Any CPU.Build.0 = Release|Any CPU
	EndGlobalSection
	GlobalSection(SolutionProperties) = preSolution
		HideSolutionNode = FALSE
	EndGlobalSection
	GlobalSection(NestedProjects) = preSolution
		{5A8A43DA-D278-7901-6D1A-8E45E90B3DD7} = {F2F4A18A-13DA-A99B-7F1B-2CF93E0D20FA}
	EndGlobalSection
	GlobalSection(ExtensibilityGlobals) = postSolution
		SolutionGuid = {A0E4533D-A4F7-4300-8AFA-1A4300AE84EA}
	EndGlobalSection
EndGlobal
